
Microsoft Visual Studio Solution File, Format Version 12.00
# Visual Studio Version 17
VisualStudioVersion = 17.9.34728.123
MinimumVisualStudioVersion = 10.0.40219.1
Project("{9A19103F-16F7-4668-BE54-9A1E7A4F7556}") = "MangoCache.Core", "MangoCache.Core\MangoCache.Core.csproj", "{51BC5F3D-100F-4B2A-B930-161238894144}"
EndProject
Project("{FAE04EC0-301F-11D3-BF4B-00C04F79EFBC}") = "MangoCache.Nuget", "MangoCache.Nuget\MangoCache.Nuget.csproj", "{AFAFB393-5D76-41B0-8A54-751F5FF3F9EE}"
EndProject
Global
	GlobalSection(SolutionConfigurationPlatforms) = preSolution
		Debug|Any CPU = Debug|Any CPU
		Release|Any CPU = Release|Any CPU
	EndGlobalSection
	GlobalSection(ProjectConfigurationPlatforms) = postSolution
		{51BC5F3D-100F-4B2A-B930-161238894144}.Debug|Any CPU.ActiveCfg = Debug|Any CPU
		{51BC5F3D-100F-4B2A-B930-161238894144}.Debug|Any CPU.Build.0 = Debug|Any CPU
		{51BC5F3D-100F-4B2A-B930-161238894144}.Release|Any CPU.ActiveCfg = Release|Any CPU
		{51BC5F3D-100F-4B2A-B930-161238894144}.Release|Any CPU.Build.0 = Release|Any CPU
		{AFAFB393-5D76-41B0-8A54-751F5FF3F9EE}.Debug|Any CPU.ActiveCfg = Debug|Any CPU
		{AFAFB393-5D76-41B0-8A54-751F5FF3F9EE}.Debug|Any CPU.Build.0 = Debug|Any CPU
		{AFAFB393-5D76-41B0-8A54-751F5FF3F9EE}.Release|Any CPU.ActiveCfg = Release|Any CPU
		{AFAFB393-5D76-41B0-8A54-751F5FF3F9EE}.Release|Any CPU.Build.0 = Release|Any CPU
	EndGlobalSection
	GlobalSection(SolutionProperties) = preSolution
		HideSolutionNode = FALSE
	EndGlobalSection
	GlobalSection(ExtensibilityGlobals) = postSolution
		SolutionGuid = {398F3043-1BFC-423B-9836-BF9F0123738C}
	EndGlobalSection
EndGlobal
